
Microsoft Visual Studio Solution File, Format Version 12.00
# Visual Studio Version 16
VisualStudioVersion = 16.0.30225.117
MinimumVisualStudioVersion = 10.0.40219.1
Project("{FAE04EC0-301F-11D3-BF4B-00C04F79EFBC}") = "EntradaDeDados1", "EntradaDeDados\EntradaDeDados1.csproj", "{69115CB5-F751-4CDC-9030-28A235439CAD}"
EndProject
Global
	GlobalSection(SolutionConfigurationPlatforms) = preSolution
		Debug|Any CPU = Debug|Any CPU
		Release|Any CPU = Release|Any CPU
	EndGlobalSection
	GlobalSection(ProjectConfigurationPlatforms) = postSolution
		{69115CB5-F751-4CDC-9030-28A235439CAD}.Debug|Any CPU.ActiveCfg = Debug|Any CPU
		{69115CB5-F751-4CDC-9030-28A235439CAD}.Debug|Any CPU.Build.0 = Debug|Any CPU
		{69115CB5-F751-4CDC-9030-28A235439CAD}.Release|Any CPU.ActiveCfg = Release|Any CPU
		{69115CB5-F751-4CDC-9030-28A235439CAD}.Release|Any CPU.Build.0 = Release|Any CPU
	EndGlobalSection
	GlobalSection(SolutionProperties) = preSolution
		HideSolutionNode = FALSE
	EndGlobalSection
	GlobalSection(ExtensibilityGlobals) = postSolution
		SolutionGuid = {F330EDA0-EB02-463D-9244-99CDE7FE32D6}
	EndGlobalSection
EndGlobal
