
Microsoft Visual Studio Solution File, Format Version 12.00
# Visual Studio Version 16
VisualStudioVersion = 16.0.30225.117
MinimumVisualStudioVersion = 10.0.40219.1
Project("{FAE04EC0-301F-11D3-BF4B-00C04F79EFBC}") = "FileStremEStreamReader", "FileStremEStreamReader\FileStremEStreamReader.csproj", "{6B1450E9-F022-4B36-AA46-1EFC1DC3D03C}"
EndProject
Global
	GlobalSection(SolutionConfigurationPlatforms) = preSolution
		Debug|Any CPU = Debug|Any CPU
		Release|Any CPU = Release|Any CPU
	EndGlobalSection
	GlobalSection(ProjectConfigurationPlatforms) = postSolution
		{6B1450E9-F022-4B36-AA46-1EFC1DC3D03C}.Debug|Any CPU.ActiveCfg = Debug|Any CPU
		{6B1450E9-F022-4B36-AA46-1EFC1DC3D03C}.Debug|Any CPU.Build.0 = Debug|Any CPU
		{6B1450E9-F022-4B36-AA46-1EFC1DC3D03C}.Release|Any CPU.ActiveCfg = Release|Any CPU
		{6B1450E9-F022-4B36-AA46-1EFC1DC3D03C}.Release|Any CPU.Build.0 = Release|Any CPU
	EndGlobalSection
	GlobalSection(SolutionProperties) = preSolution
		HideSolutionNode = FALSE
	EndGlobalSection
	GlobalSection(ExtensibilityGlobals) = postSolution
		SolutionGuid = {ECB25432-996E-4AF6-82F1-16B363A5558F}
	EndGlobalSection
EndGlobal
