
Microsoft Visual Studio Solution File, Format Version 12.00
# Visual Studio Version 16
VisualStudioVersion = 16.0.30413.136
MinimumVisualStudioVersion = 10.0.40219.1
Project("{FAE04EC0-301F-11D3-BF4B-00C04F79EFBC}") = "DelegateComparison", "DelegateComparison\DelegateComparison.csproj", "{DC7D0907-656F-4326-B285-5F0535C96C84}"
EndProject
Global
	GlobalSection(SolutionConfigurationPlatforms) = preSolution
		Debug|Any CPU = Debug|Any CPU
		Release|Any CPU = Release|Any CPU
	EndGlobalSection
	GlobalSection(ProjectConfigurationPlatforms) = postSolution
		{DC7D0907-656F-4326-B285-5F0535C96C84}.Debug|Any CPU.ActiveCfg = Debug|Any CPU
		{DC7D0907-656F-4326-B285-5F0535C96C84}.Debug|Any CPU.Build.0 = Debug|Any CPU
		{DC7D0907-656F-4326-B285-5F0535C96C84}.Release|Any CPU.ActiveCfg = Release|Any CPU
		{DC7D0907-656F-4326-B285-5F0535C96C84}.Release|Any CPU.Build.0 = Release|Any CPU
	EndGlobalSection
	GlobalSection(SolutionProperties) = preSolution
		HideSolutionNode = FALSE
	EndGlobalSection
	GlobalSection(ExtensibilityGlobals) = postSolution
		SolutionGuid = {F2385CC9-9F85-42AB-8F04-FE8D192D7836}
	EndGlobalSection
EndGlobal
