
Microsoft Visual Studio Solution File, Format Version 12.00
# Visual Studio Version 16
VisualStudioVersion = 16.0.30225.117
MinimumVisualStudioVersion = 10.0.40219.1
Project("{FAE04EC0-301F-11D3-BF4B-00C04F79EFBC}") = "SwitchCase", "SwitchCase\SwitchCase.csproj", "{339B90A0-5DF7-4EFB-B178-BE64CF30E3AF}"
EndProject
Global
	GlobalSection(SolutionConfigurationPlatforms) = preSolution
		Debug|Any CPU = Debug|Any CPU
		Release|Any CPU = Release|Any CPU
	EndGlobalSection
	GlobalSection(ProjectConfigurationPlatforms) = postSolution
		{339B90A0-5DF7-4EFB-B178-BE64CF30E3AF}.Debug|Any CPU.ActiveCfg = Debug|Any CPU
		{339B90A0-5DF7-4EFB-B178-BE64CF30E3AF}.Debug|Any CPU.Build.0 = Debug|Any CPU
		{339B90A0-5DF7-4EFB-B178-BE64CF30E3AF}.Release|Any CPU.ActiveCfg = Release|Any CPU
		{339B90A0-5DF7-4EFB-B178-BE64CF30E3AF}.Release|Any CPU.Build.0 = Release|Any CPU
	EndGlobalSection
	GlobalSection(SolutionProperties) = preSolution
		HideSolutionNode = FALSE
	EndGlobalSection
	GlobalSection(ExtensibilityGlobals) = postSolution
		SolutionGuid = {66D88D46-E21B-4B8A-99E9-048330E4D8A3}
	EndGlobalSection
EndGlobal
