
Microsoft Visual Studio Solution File, Format Version 12.00
# Visual Studio Version 16
VisualStudioVersion = 16.0.30225.117
MinimumVisualStudioVersion = 10.0.40219.1
Project("{FAE04EC0-301F-11D3-BF4B-00C04F79EFBC}") = "CondicionalTernaria", "CondicionalTernaria\CondicionalTernaria.csproj", "{B780B49D-031C-4275-BF2F-D42B56C7F39C}"
EndProject
Global
	GlobalSection(SolutionConfigurationPlatforms) = preSolution
		Debug|Any CPU = Debug|Any CPU
		Release|Any CPU = Release|Any CPU
	EndGlobalSection
	GlobalSection(ProjectConfigurationPlatforms) = postSolution
		{B780B49D-031C-4275-BF2F-D42B56C7F39C}.Debug|Any CPU.ActiveCfg = Debug|Any CPU
		{B780B49D-031C-4275-BF2F-D42B56C7F39C}.Debug|Any CPU.Build.0 = Debug|Any CPU
		{B780B49D-031C-4275-BF2F-D42B56C7F39C}.Release|Any CPU.ActiveCfg = Release|Any CPU
		{B780B49D-031C-4275-BF2F-D42B56C7F39C}.Release|Any CPU.Build.0 = Release|Any CPU
	EndGlobalSection
	GlobalSection(SolutionProperties) = preSolution
		HideSolutionNode = FALSE
	EndGlobalSection
	GlobalSection(ExtensibilityGlobals) = postSolution
		SolutionGuid = {335F464A-D6BE-4F8A-A46F-0CA4922C58F0}
	EndGlobalSection
EndGlobal
