
Microsoft Visual Studio Solution File, Format Version 12.00
# Visual Studio Version 16
VisualStudioVersion = 16.0.30225.117
MinimumVisualStudioVersion = 10.0.40219.1
Project("{FAE04EC0-301F-11D3-BF4B-00C04F79EFBC}") = "OperadoresComparativos", "OperadoresComparativos\OperadoresComparativos.csproj", "{99632D21-3765-4D94-A31A-873C60746A42}"
EndProject
Global
	GlobalSection(SolutionConfigurationPlatforms) = preSolution
		Debug|Any CPU = Debug|Any CPU
		Release|Any CPU = Release|Any CPU
	EndGlobalSection
	GlobalSection(ProjectConfigurationPlatforms) = postSolution
		{99632D21-3765-4D94-A31A-873C60746A42}.Debug|Any CPU.ActiveCfg = Debug|Any CPU
		{99632D21-3765-4D94-A31A-873C60746A42}.Debug|Any CPU.Build.0 = Debug|Any CPU
		{99632D21-3765-4D94-A31A-873C60746A42}.Release|Any CPU.ActiveCfg = Release|Any CPU
		{99632D21-3765-4D94-A31A-873C60746A42}.Release|Any CPU.Build.0 = Release|Any CPU
	EndGlobalSection
	GlobalSection(SolutionProperties) = preSolution
		HideSolutionNode = FALSE
	EndGlobalSection
	GlobalSection(ExtensibilityGlobals) = postSolution
		SolutionGuid = {5DC564A3-F585-4AF8-B200-C67AA8655A4B}
	EndGlobalSection
EndGlobal
