
Microsoft Visual Studio Solution File, Format Version 12.00
# Visual Studio Version 16
VisualStudioVersion = 16.0.30225.117
MinimumVisualStudioVersion = 10.0.40219.1
Project("{FAE04EC0-301F-11D3-BF4B-00C04F79EFBC}") = "Funcoes", "Funcoes\Funcoes.csproj", "{903BEA45-A26F-4BC8-A848-910A9E8960E4}"
EndProject
Global
	GlobalSection(SolutionConfigurationPlatforms) = preSolution
		Debug|Any CPU = Debug|Any CPU
		Release|Any CPU = Release|Any CPU
	EndGlobalSection
	GlobalSection(ProjectConfigurationPlatforms) = postSolution
		{903BEA45-A26F-4BC8-A848-910A9E8960E4}.Debug|Any CPU.ActiveCfg = Debug|Any CPU
		{903BEA45-A26F-4BC8-A848-910A9E8960E4}.Debug|Any CPU.Build.0 = Debug|Any CPU
		{903BEA45-A26F-4BC8-A848-910A9E8960E4}.Release|Any CPU.ActiveCfg = Release|Any CPU
		{903BEA45-A26F-4BC8-A848-910A9E8960E4}.Release|Any CPU.Build.0 = Release|Any CPU
	EndGlobalSection
	GlobalSection(SolutionProperties) = preSolution
		HideSolutionNode = FALSE
	EndGlobalSection
	GlobalSection(ExtensibilityGlobals) = postSolution
		SolutionGuid = {FA5D2669-F887-47E0-A7B8-B41C508CBD6F}
	EndGlobalSection
EndGlobal
