
Microsoft Visual Studio Solution File, Format Version 12.00
# Visual Studio Version 16
VisualStudioVersion = 16.0.30225.117
MinimumVisualStudioVersion = 10.0.40219.1
Project("{FAE04EC0-301F-11D3-BF4B-00C04F79EFBC}") = "DictionaryESortedDictionary", "DictionaryESortedDictionary\DictionaryESortedDictionary.csproj", "{A3E3C07E-6179-4545-80EB-FE733D45364D}"
EndProject
Global
	GlobalSection(SolutionConfigurationPlatforms) = preSolution
		Debug|Any CPU = Debug|Any CPU
		Release|Any CPU = Release|Any CPU
	EndGlobalSection
	GlobalSection(ProjectConfigurationPlatforms) = postSolution
		{A3E3C07E-6179-4545-80EB-FE733D45364D}.Debug|Any CPU.ActiveCfg = Debug|Any CPU
		{A3E3C07E-6179-4545-80EB-FE733D45364D}.Debug|Any CPU.Build.0 = Debug|Any CPU
		{A3E3C07E-6179-4545-80EB-FE733D45364D}.Release|Any CPU.ActiveCfg = Release|Any CPU
		{A3E3C07E-6179-4545-80EB-FE733D45364D}.Release|Any CPU.Build.0 = Release|Any CPU
	EndGlobalSection
	GlobalSection(SolutionProperties) = preSolution
		HideSolutionNode = FALSE
	EndGlobalSection
	GlobalSection(ExtensibilityGlobals) = postSolution
		SolutionGuid = {D0B6B511-8A42-48A9-8C21-372CDFFFC734}
	EndGlobalSection
EndGlobal
