
Microsoft Visual Studio Solution File, Format Version 12.00
# Visual Studio Version 16
VisualStudioVersion = 16.0.30225.117
MinimumVisualStudioVersion = 10.0.40219.1
Project("{FAE04EC0-301F-11D3-BF4B-00C04F79EFBC}") = "ControleEstoque", "ControleEstoque\ControleEstoque.csproj", "{56B6E577-318C-4661-AEB2-8273ADACC309}"
EndProject
Global
	GlobalSection(SolutionConfigurationPlatforms) = preSolution
		Debug|Any CPU = Debug|Any CPU
		Release|Any CPU = Release|Any CPU
	EndGlobalSection
	GlobalSection(ProjectConfigurationPlatforms) = postSolution
		{56B6E577-318C-4661-AEB2-8273ADACC309}.Debug|Any CPU.ActiveCfg = Debug|Any CPU
		{56B6E577-318C-4661-AEB2-8273ADACC309}.Debug|Any CPU.Build.0 = Debug|Any CPU
		{56B6E577-318C-4661-AEB2-8273ADACC309}.Release|Any CPU.ActiveCfg = Release|Any CPU
		{56B6E577-318C-4661-AEB2-8273ADACC309}.Release|Any CPU.Build.0 = Release|Any CPU
	EndGlobalSection
	GlobalSection(SolutionProperties) = preSolution
		HideSolutionNode = FALSE
	EndGlobalSection
	GlobalSection(ExtensibilityGlobals) = postSolution
		SolutionGuid = {7007EC41-1081-4239-AFAB-82C4EC1682D8}
	EndGlobalSection
EndGlobal
