
Microsoft Visual Studio Solution File, Format Version 12.00
# Visual Studio Version 16
VisualStudioVersion = 16.0.30225.117
MinimumVisualStudioVersion = 10.0.40219.1
Project("{FAE04EC0-301F-11D3-BF4B-00C04F79EFBC}") = "PathArquivo", "PathArquivo\PathArquivo.csproj", "{9F74DF46-0841-447C-A2B7-9AEADD5A26DB}"
EndProject
Global
	GlobalSection(SolutionConfigurationPlatforms) = preSolution
		Debug|Any CPU = Debug|Any CPU
		Release|Any CPU = Release|Any CPU
	EndGlobalSection
	GlobalSection(ProjectConfigurationPlatforms) = postSolution
		{9F74DF46-0841-447C-A2B7-9AEADD5A26DB}.Debug|Any CPU.ActiveCfg = Debug|Any CPU
		{9F74DF46-0841-447C-A2B7-9AEADD5A26DB}.Debug|Any CPU.Build.0 = Debug|Any CPU
		{9F74DF46-0841-447C-A2B7-9AEADD5A26DB}.Release|Any CPU.ActiveCfg = Release|Any CPU
		{9F74DF46-0841-447C-A2B7-9AEADD5A26DB}.Release|Any CPU.Build.0 = Release|Any CPU
	EndGlobalSection
	GlobalSection(SolutionProperties) = preSolution
		HideSolutionNode = FALSE
	EndGlobalSection
	GlobalSection(ExtensibilityGlobals) = postSolution
		SolutionGuid = {8C37177D-30B4-472B-AAD0-C98E00413E2C}
	EndGlobalSection
EndGlobal
