
Microsoft Visual Studio Solution File, Format Version 12.00
# Visual Studio Version 16
VisualStudioVersion = 16.0.30225.117
MinimumVisualStudioVersion = 10.0.40219.1
Project("{FAE04EC0-301F-11D3-BF4B-00C04F79EFBC}") = "SemOrientacaoObjeto", "SemOrientacaoObjeto\SemOrientacaoObjeto.csproj", "{63F5A061-DA19-4AD0-84E5-6E2D65C5C2EA}"
EndProject
Global
	GlobalSection(SolutionConfigurationPlatforms) = preSolution
		Debug|Any CPU = Debug|Any CPU
		Release|Any CPU = Release|Any CPU
	EndGlobalSection
	GlobalSection(ProjectConfigurationPlatforms) = postSolution
		{63F5A061-DA19-4AD0-84E5-6E2D65C5C2EA}.Debug|Any CPU.ActiveCfg = Debug|Any CPU
		{63F5A061-DA19-4AD0-84E5-6E2D65C5C2EA}.Debug|Any CPU.Build.0 = Debug|Any CPU
		{63F5A061-DA19-4AD0-84E5-6E2D65C5C2EA}.Release|Any CPU.ActiveCfg = Release|Any CPU
		{63F5A061-DA19-4AD0-84E5-6E2D65C5C2EA}.Release|Any CPU.Build.0 = Release|Any CPU
	EndGlobalSection
	GlobalSection(SolutionProperties) = preSolution
		HideSolutionNode = FALSE
	EndGlobalSection
	GlobalSection(ExtensibilityGlobals) = postSolution
		SolutionGuid = {0D5336E5-15A2-40C8-9FE8-32AAB8F2A6DC}
	EndGlobalSection
EndGlobal
