
Microsoft Visual Studio Solution File, Format Version 12.00
# Visual Studio Version 16
VisualStudioVersion = 16.0.30225.117
MinimumVisualStudioVersion = 10.0.40219.1
Project("{FAE04EC0-301F-11D3-BF4B-00C04F79EFBC}") = "Workout01", "Workout01\Workout01.csproj", "{6199F471-9A27-4BD4-99EF-0ECCFAF81EFD}"
EndProject
Global
	GlobalSection(SolutionConfigurationPlatforms) = preSolution
		Debug|Any CPU = Debug|Any CPU
		Release|Any CPU = Release|Any CPU
	EndGlobalSection
	GlobalSection(ProjectConfigurationPlatforms) = postSolution
		{6199F471-9A27-4BD4-99EF-0ECCFAF81EFD}.Debug|Any CPU.ActiveCfg = Debug|Any CPU
		{6199F471-9A27-4BD4-99EF-0ECCFAF81EFD}.Debug|Any CPU.Build.0 = Debug|Any CPU
		{6199F471-9A27-4BD4-99EF-0ECCFAF81EFD}.Release|Any CPU.ActiveCfg = Release|Any CPU
		{6199F471-9A27-4BD4-99EF-0ECCFAF81EFD}.Release|Any CPU.Build.0 = Release|Any CPU
	EndGlobalSection
	GlobalSection(SolutionProperties) = preSolution
		HideSolutionNode = FALSE
	EndGlobalSection
	GlobalSection(ExtensibilityGlobals) = postSolution
		SolutionGuid = {B04FD877-F860-431F-A940-2B1C29601F97}
	EndGlobalSection
EndGlobal
