
Microsoft Visual Studio Solution File, Format Version 12.00
# Visual Studio Version 16
VisualStudioVersion = 16.0.30225.117
MinimumVisualStudioVersion = 10.0.40219.1
Project("{FAE04EC0-301F-11D3-BF4B-00C04F79EFBC}") = "DirectoryEDirectoryInfo", "DirectoryEDirectoryInfo\DirectoryEDirectoryInfo.csproj", "{877DDD6D-271E-4BF3-B0F5-9F8A04B7175E}"
EndProject
Global
	GlobalSection(SolutionConfigurationPlatforms) = preSolution
		Debug|Any CPU = Debug|Any CPU
		Release|Any CPU = Release|Any CPU
	EndGlobalSection
	GlobalSection(ProjectConfigurationPlatforms) = postSolution
		{877DDD6D-271E-4BF3-B0F5-9F8A04B7175E}.Debug|Any CPU.ActiveCfg = Debug|Any CPU
		{877DDD6D-271E-4BF3-B0F5-9F8A04B7175E}.Debug|Any CPU.Build.0 = Debug|Any CPU
		{877DDD6D-271E-4BF3-B0F5-9F8A04B7175E}.Release|Any CPU.ActiveCfg = Release|Any CPU
		{877DDD6D-271E-4BF3-B0F5-9F8A04B7175E}.Release|Any CPU.Build.0 = Release|Any CPU
	EndGlobalSection
	GlobalSection(SolutionProperties) = preSolution
		HideSolutionNode = FALSE
	EndGlobalSection
	GlobalSection(ExtensibilityGlobals) = postSolution
		SolutionGuid = {E195E529-20CA-4232-8627-25ED1706F754}
	EndGlobalSection
EndGlobal
