
Microsoft Visual Studio Solution File, Format Version 12.00
# Visual Studio Version 16
VisualStudioVersion = 16.0.30225.117
MinimumVisualStudioVersion = 10.0.40219.1
Project("{FAE04EC0-301F-11D3-BF4B-00C04F79EFBC}") = "Construtores", "Construtores\Construtores.csproj", "{C7042A1D-BFA5-48D1-97DA-93BAD2A55655}"
EndProject
Global
	GlobalSection(SolutionConfigurationPlatforms) = preSolution
		Debug|Any CPU = Debug|Any CPU
		Release|Any CPU = Release|Any CPU
	EndGlobalSection
	GlobalSection(ProjectConfigurationPlatforms) = postSolution
		{C7042A1D-BFA5-48D1-97DA-93BAD2A55655}.Debug|Any CPU.ActiveCfg = Debug|Any CPU
		{C7042A1D-BFA5-48D1-97DA-93BAD2A55655}.Debug|Any CPU.Build.0 = Debug|Any CPU
		{C7042A1D-BFA5-48D1-97DA-93BAD2A55655}.Release|Any CPU.ActiveCfg = Release|Any CPU
		{C7042A1D-BFA5-48D1-97DA-93BAD2A55655}.Release|Any CPU.Build.0 = Release|Any CPU
	EndGlobalSection
	GlobalSection(SolutionProperties) = preSolution
		HideSolutionNode = FALSE
	EndGlobalSection
	GlobalSection(ExtensibilityGlobals) = postSolution
		SolutionGuid = {518C855C-6241-4462-A30B-CE9E7323169C}
	EndGlobalSection
EndGlobal
